<?xml version="1.0" encoding="utf-8"?>
<Project ToolsVersion="4.0" xmlns="http://schemas.microsoft.com/developer/msbuild/2003">
  <ItemGroup>
    <Filter Include="Source Files">
      <UniqueIdentifier>{4FC737F1-C7A5-4376-A066-2A32D752A2FF}</UniqueIdentifier>
      <Extensions>cpp;c;cc;cxx;def;odl;idl;hpj;bat;asm;asmx</Extensions>
    </Filter>
    <Filter Include="Header Files">
      <UniqueIdentifier>{93995380-89BD-4b04-88EB-625FBE52EBFB}</UniqueIdentifier>
      <Extensions>h;hh;hpp;hxx;hm;inl;inc;xsd</Extensions>
    </Filter>
    <Filter Include="Resource Files">
      <UniqueIdentifier>{67DA6AB6-F800-4c08-8B7A-83BB121AAD01}</UniqueIdentifier>
      <Extensions>rc;ico;cur;bmp;dlg;rc2;rct;bin;rgs;gif;jpg;jpeg;jpe;resx;tiff;tif;png;wav;mfcribbon-ms</Extensions>
    </Filter>
    <Filter Include="Header Files\graphics">
      <UniqueIdentifier>{9a9ca3f5-f005-4f8c-ac23-05074a133a05}</UniqueIdentifier>
    </Filter>
    <Filter Include="Source Files\graphics">
      <UniqueIdentifier>{e310f286-91b9-4c2e-8c20-1645fe8c7ba2}</UniqueIdentifier>
    </Filter>
    <Filter Include="Header Files\scene">
      <UniqueIdentifier>{65689fa1-fdda-4141-aa90-f1ca38946484}</UniqueIdentifier>
    </Filter>
    <Filter Include="Source Files\scene">
      <UniqueIdentifier>{6ecf2650-4e09-4464-b523-665c456cc41b}</UniqueIdentifier>
    </Filter>
    <Filter Include="Header Files\collision">
      <UniqueIdentifier>{763921a3-b38b-40f8-9fe9-3b49b277e2de}</UniqueIdentifier>
    </Filter>
    <Filter Include="Source Files\collision">
      <UniqueIdentifier>{f23ad1e0-f7cf-4cd4-a3f1-062b8c50ba7c}</UniqueIdentifier>
    </Filter>
    <Filter Include="shaders">
      <UniqueIdentifier>{7c421dc3-c151-4b09-ab2b-16a106154a83}</UniqueIdentifier>
    </Filter>
    <Filter Include="Header Files\audio">
      <UniqueIdentifier>{87cd7c0d-0dab-454b-9861-cca4f3ab25d5}</UniqueIdentifier>
    </Filter>
  </ItemGroup>
  <ItemGroup>
    <ClInclude Include="graphics\Animation.h">
      <Filter>Header Files\graphics</Filter>
    </ClInclude>
    <ClInclude Include="graphics\graphics.h">
      <Filter>Header Files\graphics</Filter>
    </ClInclude>
    <ClInclude Include="graphics\Mesh.h">
      <Filter>Header Files\graphics</Filter>
    </ClInclude>
    <ClInclude Include="graphics\Model.h">
      <Filter>Header Files\graphics</Filter>
    </ClInclude>
    <ClInclude Include="graphics\Renderer.h">
      <Filter>Header Files\graphics</Filter>
    </ClInclude>
    <ClInclude Include="graphics\SOIL.h">
      <Filter>Header Files\graphics</Filter>
    </ClInclude>
    <ClInclude Include="graphics\Sprite.h">
      <Filter>Header Files\graphics</Filter>
    </ClInclude>
    <ClInclude Include="graphics\Techniques.h">
      <Filter>Header Files\graphics</Filter>
    </ClInclude>
    <ClInclude Include="graphics\TextureLoader.h">
      <Filter>Header Files\graphics</Filter>
    </ClInclude>
    <ClInclude Include="graphics\timer.h">
      <Filter>Header Files\graphics</Filter>
    </ClInclude>
    <ClInclude Include="graphics\utils.h">
      <Filter>Header Files\graphics</Filter>
    </ClInclude>
    <ClInclude Include="graphics\Window.h">
      <Filter>Header Files\graphics</Filter>
    </ClInclude>
    <ClInclude Include="scene\Camera.h">
      <Filter>Header Files\scene</Filter>
    </ClInclude>
    <ClInclude Include="scene\Ground.h">
      <Filter>Header Files\scene</Filter>
    </ClInclude>
    <ClInclude Include="scene\LiveUnit.h">
      <Filter>Header Files\scene</Filter>
    </ClInclude>
    <ClInclude Include="scene\Player.h">
      <Filter>Header Files\scene</Filter>
    </ClInclude>
    <ClInclude Include="scene\Scene.h">
      <Filter>Header Files\scene</Filter>
    </ClInclude>
    <ClInclude Include="scene\Unit.h">
      <Filter>Header Files\scene</Filter>
    </ClInclude>
    <ClInclude Include="scene\Zombie.h">
      <Filter>Header Files\scene</Filter>
    </ClInclude>
    <ClInclude Include="scene\TPCamera.h">
      <Filter>Header Files\scene</Filter>
    </ClInclude>
    <ClInclude Include="scene\Unit2d.h">
      <Filter>Header Files\scene</Filter>
    </ClInclude>
    <ClInclude Include="collision\Collision.h">
      <Filter>Header Files\collision</Filter>
    </ClInclude>
    <ClInclude Include="collision\QuadTree.h">
      <Filter>Header Files\collision</Filter>
    </ClInclude>
    <ClInclude Include="audio\audio.h">
      <Filter>Header Files\audio</Filter>
    </ClInclude>
    <ClInclude Include="scene\WorldObject.h">
      <Filter>Header Files\scene</Filter>
    </ClInclude>
    <ClInclude Include="scene\WorldMap.h">
      <Filter>Header Files\scene</Filter>
    </ClInclude>
    <ClInclude Include="graphics\stdinc.h">
      <Filter>Header Files\graphics</Filter>
    </ClInclude>
    <ClInclude Include="graphics\SkyBox.h">
      <Filter>Header Files\graphics</Filter>
    </ClInclude>
    <ClInclude Include="scene\GameScene.h">
      <Filter>Header Files\scene</Filter>
    </ClInclude>
    <ClInclude Include="scene\Billboard.h">
      <Filter>Header Files\scene</Filter>
    </ClInclude>
    <ClInclude Include="scene\Blood.h">
      <Filter>Header Files\scene</Filter>
    </ClInclude>
    <ClInclude Include="scene\BloodSplash.h">
      <Filter>Header Files\scene</Filter>
    </ClInclude>
    <ClInclude Include="scene\People.h">
      <Filter>Header Files\scene</Filter>
    </ClInclude>
    <ClInclude Include="scene\Radar.h">
      <Filter>Header Files\scene</Filter>
    </ClInclude>
    <ClInclude Include="scene\UI.h">
      <Filter>Header Files\scene</Filter>
    </ClInclude>
    <ClInclude Include="Game.h">
      <Filter>Header Files</Filter>
    </ClInclude>
    <ClInclude Include="main.h">
      <Filter>Header Files</Filter>
    </ClInclude>
    <ClInclude Include="resource.h">
      <Filter>Header Files</Filter>
    </ClInclude>
  </ItemGroup>
  <ItemGroup>
    <ClCompile Include="graphics\Mesh.cpp">
      <Filter>Source Files\graphics</Filter>
    </ClCompile>
    <ClCompile Include="graphics\Model.cpp">
      <Filter>Source Files\graphics</Filter>
    </ClCompile>
    <ClCompile Include="graphics\Renderer.cpp">
      <Filter>Source Files\graphics</Filter>
    </ClCompile>
    <ClCompile Include="graphics\Sprite.cpp">
      <Filter>Source Files\graphics</Filter>
    </ClCompile>
    <ClCompile Include="graphics\utils.cpp">
      <Filter>Source Files\graphics</Filter>
    </ClCompile>
    <ClCompile Include="graphics\Window.cpp">
      <Filter>Source Files\graphics</Filter>
    </ClCompile>
    <ClCompile Include="graphics\glew\glew.c">
      <Filter>Source Files\graphics</Filter>
    </ClCompile>
    <ClCompile Include="scene\Zombie.cpp">
      <Filter>Source Files\scene</Filter>
    </ClCompile>
    <ClCompile Include="scene\Ground.cpp">
      <Filter>Source Files\scene</Filter>
    </ClCompile>
    <ClCompile Include="scene\LiveUnit.cpp">
      <Filter>Source Files\scene</Filter>
    </ClCompile>
    <ClCompile Include="scene\Player.cpp">
      <Filter>Source Files\scene</Filter>
    </ClCompile>
    <ClCompile Include="scene\Scene.cpp">
      <Filter>Source Files\scene</Filter>
    </ClCompile>
    <ClCompile Include="scene\Unit.cpp">
      <Filter>Source Files\scene</Filter>
    </ClCompile>
    <ClCompile Include="main.cpp">
      <Filter>Source Files</Filter>
    </ClCompile>
    <ClCompile Include="scene\Unit2d.cpp">
      <Filter>Source Files\scene</Filter>
    </ClCompile>
    <ClCompile Include="collision\Collision.cpp">
      <Filter>Source Files\collision</Filter>
    </ClCompile>
    <ClCompile Include="audio\audio.cpp">
      <Filter>Source Files</Filter>
    </ClCompile>
    <ClCompile Include="graphics\SkyBox.cpp">
      <Filter>Source Files\graphics</Filter>
    </ClCompile>
    <ClCompile Include="scene\GameScene.cpp">
      <Filter>Source Files\scene</Filter>
    </ClCompile>
    <ClCompile Include="scene\Billboard.cpp">
      <Filter>Source Files\scene</Filter>
    </ClCompile>
    <ClCompile Include="scene\People.cpp">
      <Filter>Source Files\scene</Filter>
    </ClCompile>
    <ClCompile Include="scene\Radar.cpp">
      <Filter>Source Files\scene</Filter>
    </ClCompile>
    <ClCompile Include="Game.cpp">
      <Filter>Source Files</Filter>
    </ClCompile>
  </ItemGroup>
  <ItemGroup>
    <None Include="shaders\fs_normal3d.glsl">
      <Filter>shaders</Filter>
    </None>
    <None Include="shaders\fs_sprite.glsl">
      <Filter>shaders</Filter>
    </None>
    <None Include="shaders\vs_normal3d.glsl">
      <Filter>shaders</Filter>
    </None>
    <None Include="shaders\vs_skin.glsl">
      <Filter>shaders</Filter>
    </None>
    <None Include="shaders\vs_sprite.glsl">
      <Filter>shaders</Filter>
    </None>
    <None Include="shaders\vs_depthmap_normal.glsl">
      <Filter>shaders</Filter>
    </None>
    <None Include="shaders\vs_depthmap_skin.glsl">
      <Filter>shaders</Filter>
    </None>
    <None Include="shaders\fs_depthmap.glsl">
      <Filter>shaders</Filter>
    </None>
    <None Include="shaders\fs_sky.glsl">
      <Filter>shaders</Filter>
    </None>
    <None Include="shaders\vs_sky.glsl">
      <Filter>shaders</Filter>
    </None>
    <None Include="ClassDiagram1.cd" />
    <None Include="ClassDiagram11.cd" />
  </ItemGroup>
  <ItemGroup>
    <ResourceCompile Include="मृत-शिकार.rc">
      <Filter>Resource Files</Filter>
    </ResourceCompile>
  </ItemGroup>
  <ItemGroup>
    <Image Include="gameicon.ico">
      <Filter>Resource Files</Filter>
    </Image>
  </ItemGroup>
</Project>